
Microsoft Visual Studio Solution File, Format Version 12.00
# Visual Studio Version 16
VisualStudioVersion = 16.0.30717.126
MinimumVisualStudioVersion = 10.0.40219.1
Project("{FAE04EC0-301F-11D3-BF4B-00C04F79EFBC}") = "RestApiCRUDDemo", "RestApiCRUDDemo\RestApiCRUDDemo.csproj", "{2F18A938-6759-44BC-85D0-B545F8E3BD2E}"
EndProject
Global
	GlobalSection(SolutionConfigurationPlatforms) = preSolution
		Debug|Any CPU = Debug|Any CPU
		Release|Any CPU = Release|Any CPU
	EndGlobalSection
	GlobalSection(ProjectConfigurationPlatforms) = postSolution
		{2F18A938-6759-44BC-85D0-B545F8E3BD2E}.Debug|Any CPU.ActiveCfg = Debug|Any CPU
		{2F18A938-6759-44BC-85D0-B545F8E3BD2E}.Debug|Any CPU.Build.0 = Debug|Any CPU
		{2F18A938-6759-44BC-85D0-B545F8E3BD2E}.Release|Any CPU.ActiveCfg = Release|Any CPU
		{2F18A938-6759-44BC-85D0-B545F8E3BD2E}.Release|Any CPU.Build.0 = Release|Any CPU
	EndGlobalSection
	GlobalSection(SolutionProperties) = preSolution
		HideSolutionNode = FALSE
	EndGlobalSection
	GlobalSection(ExtensibilityGlobals) = postSolution
		SolutionGuid = {220749EB-007B-4228-9B42-4E0A986558F3}
	EndGlobalSection
EndGlobal
